PODS:
  - Cosmos (19.0.3)
  - Kingfisher (5.7.0)

DEPENDENCIES:
  - Cosmos (~> 19.0)
  - Kingfisher (= 5.7.0)

SPEC REPOS:
  https://github.com/cocoapods/specs.git:
    - Cosmos
    - Kingfisher

SPEC CHECKSUMS:
  Cosmos: a6fb17284281fa12cf4c85c2efecd440a215ec44
  Kingfisher: c7d211b54f1f30d8060aadab177d52b4349c825b

PODFILE CHECKSUM: c3a121de1e2dbd38a45b2addea60540d857b8700

COCOAPODS: 1.7.4
