// !$*UTF8*$!
{
	archiveVersion = 1;
	classes = {
	};
	objectVersion = 50;
	objects = {

/* Begin PBXBuildFile section */
		1AB7C33BB35114A9C4E04E47 /* Pods_Video_Games_DemoTests.framework in Frameworks */ = {isa = PBXBuildFile; fileRef = E6AAB984BCAF5D0C780354C9 /* Pods_Video_Games_DemoTests.framework */; };
		55BB1791698C3F1DB75DE933 /* Pods_Video_Games_Demo.framework in Frameworks */ = {isa = PBXBuildFile; fileRef = 4CC07C1EB5F70943A7A0EB25 /* Pods_Video_Games_Demo.framework */; };
		956E7CF822E24E0A00390CF5 /* AppDelegate.swift in Sources */ = {isa = PBXBuildFile; fileRef = 956E7CF722E24E0A00390CF5 /* AppDelegate.swift */; };
		956E7CFA22E24E0A00390CF5 /* ViewController.swift in Sources */ = {isa = PBXBuildFile; fileRef = 956E7CF922E24E0A00390CF5 /* ViewController.swift */; };
		956E7CFD22E24E0A00390CF5 /* Main.storyboard in Resources */ = {isa = PBXBuildFile; fileRef = 956E7CFB22E24E0A00390CF5 /* Main.storyboard */; };
		956E7CFF22E24E0B00390CF5 /* Assets.xcassets in Resources */ = {isa = PBXBuildFile; fileRef = 956E7CFE22E24E0B00390CF5 /* Assets.xcassets */; };
		956E7D0222E24E0B00390CF5 /* LaunchScreen.storyboard in Resources */ = {isa = PBXBuildFile; fileRef = 956E7D0022E24E0B00390CF5 /* LaunchScreen.storyboard */; };
		956E7D0D22E24E0B00390CF5 /* Video_Games_DemoTests.swift in Sources */ = {isa = PBXBuildFile; fileRef = 956E7D0C22E24E0B00390CF5 /* Video_Games_DemoTests.swift */; };
/* End PBXBuildFile section */

/* Begin PBXContainerItemProxy section */
		956E7D0922E24E0B00390CF5 /* PBXContainerItemProxy */ = {
			isa = PBXContainerItemProxy;
			containerPortal = 956E7CEC22E24E0A00390CF5 /* Project object */;
			proxyType = 1;
			remoteGlobalIDString = 956E7CF322E24E0A00390CF5;
			remoteInfo = "Video Games Demo";
		};
/* End PBXContainerItemProxy section */

/* Begin PBXFileReference section */
		4CC07C1EB5F70943A7A0EB25 /* Pods_Video_Games_Demo.framework */ = {isa = PBXFileReference; explicitFileType = wrapper.framework; includeInIndex = 0; path = Pods_Video_Games_Demo.framework; sourceTree = BUILT_PRODUCTS_DIR; };
		913767BFBDF2C3D3BC4F4272 /* Pods-Video Games DemoTests.release.xcconfig */ = {isa = PBXFileReference; includeInIndex = 1; lastKnownFileType = text.xcconfig; name = "Pods-Video Games DemoTests.release.xcconfig"; path = "Target Support Files/Pods-Video Games DemoTests/Pods-Video Games DemoTests.release.xcconfig"; sourceTree = "<group>"; };
		956E7CF422E24E0A00390CF5 /* Video Games Demo.app */ = {isa = PBXFileReference; explicitFileType = wrapper.application; includeInIndex = 0; path = "Video Games Demo.app"; sourceTree = BUILT_PRODUCTS_DIR; };
		956E7CF722E24E0A00390CF5 /* AppDelegate.swift */ = {isa = PBXFileReference; lastKnownFileType = sourcecode.swift; path = AppDelegate.swift; sourceTree = "<group>"; };
		956E7CF922E24E0A00390CF5 /* ViewController.swift */ = {isa = PBXFileReference; lastKnownFileType = sourcecode.swift; path = ViewController.swift; sourceTree = "<group>"; };
		956E7CFC22E24E0A00390CF5 /* Base */ = {isa = PBXFileReference; lastKnownFileType = file.storyboard; name = Base; path = Base.lproj/Main.storyboard; sourceTree = "<group>"; };
		956E7CFE22E24E0B00390CF5 /* Assets.xcassets */ = {isa = PBXFileReference; lastKnownFileType = folder.assetcatalog; path = Assets.xcassets; sourceTree = "<group>"; };
		956E7D0122E24E0B00390CF5 /* Base */ = {isa = PBXFileReference; lastKnownFileType = file.storyboard; name = Base; path = Base.lproj/LaunchScreen.storyboard; sourceTree = "<group>"; };
		956E7D0322E24E0B00390CF5 /* Info.plist */ = {isa = PBXFileReference; lastKnownFileType = text.plist.xml; path = Info.plist; sourceTree = "<group>"; };
		956E7D0822E24E0B00390CF5 /* Video Games DemoTests.xctest */ = {isa = PBXFileReference; explicitFileType = wrapper.cfbundle; includeInIndex = 0; path = "Video Games DemoTests.xctest"; sourceTree = BUILT_PRODUCTS_DIR; };
		956E7D0C22E24E0B00390CF5 /* Video_Games_DemoTests.swift */ = {isa = PBXFileReference; lastKnownFileType = sourcecode.swift; path = Video_Games_DemoTests.swift; sourceTree = "<group>"; };
		956E7D0E22E24E0B00390CF5 /* Info.plist */ = {isa = PBXFileReference; lastKnownFileType = text.plist.xml; path = Info.plist; sourceTree = "<group>"; };
		D778E8F96CD7B7968DAC8AFD /* Pods-Video Games Demo.debug.xcconfig */ = {isa = PBXFileReference; includeInIndex = 1; lastKnownFileType = text.xcconfig; name = "Pods-Video Games Demo.debug.xcconfig"; path = "Target Support Files/Pods-Video Games Demo/Pods-Video Games Demo.debug.xcconfig"; sourceTree = "<group>"; };
		D953F74CF4892297B6835365 /* Pods-Video Games Demo.release.xcconfig */ = {isa = PBXFileReference; includeInIndex = 1; lastKnownFileType = text.xcconfig; name = "Pods-Video Games Demo.release.xcconfig"; path = "Target Support Files/Pods-Video Games Demo/Pods-Video Games Demo.release.xcconfig"; sourceTree = "<group>"; };
		E055D3715E50603E7A60E6EA /* Pods-Video Games DemoTests.debug.xcconfig */ = {isa = PBXFileReference; includeInIndex = 1; lastKnownFileType = text.xcconfig; name = "Pods-Video Games DemoTests.debug.xcconfig"; path = "Target Support Files/Pods-Video Games DemoTests/Pods-Video Games DemoTests.debug.xcconfig"; sourceTree = "<group>"; };
		E6AAB984BCAF5D0C780354C9 /* Pods_Video_Games_DemoTests.framework */ = {isa = PBXFileReference; explicitFileType = wrapper.framework; includeInIndex = 0; path = Pods_Video_Games_DemoTests.framework; sourceTree = BUILT_PRODUCTS_DIR; };
/* End PBXFileReference section */

/* Begin PBXFrameworksBuildPhase section */
		956E7CF122E24E0A00390CF5 /* Frameworks */ = {
			isa = PBXFrameworksBuildPhase;
			buildActionMask = 2147483647;
			files = (
				55BB1791698C3F1DB75DE933 /* Pods_Video_Games_Demo.framework in Frameworks */,
			);
			runOnlyForDeploymentPostprocessing = 0;
		};
		956E7D0522E24E0B00390CF5 /* Frameworks */ = {
			isa = PBXFrameworksBuildPhase;
			buildActionMask = 2147483647;
			files = (
				1AB7C33BB35114A9C4E04E47 /* Pods_Video_Games_DemoTests.framework in Frameworks */,
			);
			runOnlyForDeploymentPostprocessing = 0;
		};
/* End PBXFrameworksBuildPhase section */

/* Begin PBXGroup section */
		410A054A8CA3F8DFC00FE99E /* Frameworks */ = {
			isa = PBXGroup;
			children = (
				4CC07C1EB5F70943A7A0EB25 /* Pods_Video_Games_Demo.framework */,
				E6AAB984BCAF5D0C780354C9 /* Pods_Video_Games_DemoTests.framework */,
			);
			name = Frameworks;
			sourceTree = "<group>";
		};
		52C345450F8EDC8635B93861 /* Pods */ = {
			isa = PBXGroup;
			children = (
				D778E8F96CD7B7968DAC8AFD /* Pods-Video Games Demo.debug.xcconfig */,
				D953F74CF4892297B6835365 /* Pods-Video Games Demo.release.xcconfig */,
				E055D3715E50603E7A60E6EA /* Pods-Video Games DemoTests.debug.xcconfig */,
				913767BFBDF2C3D3BC4F4272 /* Pods-Video Games DemoTests.release.xcconfig */,
			);
			path = Pods;
			sourceTree = "<group>";
		};
		956E7CEB22E24E0A00390CF5 = {
			isa = PBXGroup;
			children = (
				956E7CF622E24E0A00390CF5 /* Video Games Demo */,
				956E7D0B22E24E0B00390CF5 /* Video Games DemoTests */,
				956E7CF522E24E0A00390CF5 /* Products */,
				52C345450F8EDC8635B93861 /* Pods */,
				410A054A8CA3F8DFC00FE99E /* Frameworks */,
			);
			sourceTree = "<group>";
		};
		956E7CF522E24E0A00390CF5 /* Products */ = {
			isa = PBXGroup;
			children = (
				956E7CF422E24E0A00390CF5 /* Video Games Demo.app */,
				956E7D0822E24E0B00390CF5 /* Video Games DemoTests.xctest */,
			);
			name = Products;
			sourceTree = "<group>";
		};
		956E7CF622E24E0A00390CF5 /* Video Games Demo */ = {
			isa = PBXGroup;
			children = (
				956E7CF722E24E0A00390CF5 /* AppDelegate.swift */,
				956E7CF922E24E0A00390CF5 /* ViewController.swift */,
				956E7CFB22E24E0A00390CF5 /* Main.storyboard */,
				956E7CFE22E24E0B00390CF5 /* Assets.xcassets */,
				956E7D0022E24E0B00390CF5 /* LaunchScreen.storyboard */,
				956E7D0322E24E0B00390CF5 /* Info.plist */,
			);
			path = "Video Games Demo";
			sourceTree = "<group>";
		};
		956E7D0B22E24E0B00390CF5 /* Video Games DemoTests */ = {
			isa = PBXGroup;
			children = (
				956E7D0C22E24E0B00390CF5 /* Video_Games_DemoTests.swift */,
				956E7D0E22E24E0B00390CF5 /* Info.plist */,
			);
			path = "Video Games DemoTests";
			sourceTree = "<group>";
		};
/* End PBXGroup section */

/* Begin PBXNativeTarget section */
		956E7CF322E24E0A00390CF5 /* Video Games Demo */ = {
			isa = PBXNativeTarget;
			buildConfigurationList = 956E7D1122E24E0B00390CF5 /* Build configuration list for PBXNativeTarget "Video Games Demo" */;
			buildPhases = (
				FF0FAA1E8B80AACA7966C060 /* [CP] Check Pods Manifest.lock */,
				956E7CF022E24E0A00390CF5 /* Sources */,
				956E7CF122E24E0A00390CF5 /* Frameworks */,
				956E7CF222E24E0A00390CF5 /* Resources */,
			);
			buildRules = (
			);
			dependencies = (
			);
			name = "Video Games Demo";
			productName = "Video Games Demo";
			productReference = 956E7CF422E24E0A00390CF5 /* Video Games Demo.app */;
			productType = "com.apple.product-type.application";
		};
		956E7D0722E24E0B00390CF5 /* Video Games DemoTests */ = {
			isa = PBXNativeTarget;
			buildConfigurationList = 956E7D1422E24E0B00390CF5 /* Build configuration list for PBXNativeTarget "Video Games DemoTests" */;
			buildPhases = (
				21D9863459B74A96125758EA /* [CP] Check Pods Manifest.lock */,
				956E7D0422E24E0B00390CF5 /* Sources */,
				956E7D0522E24E0B00390CF5 /* Frameworks */,
				956E7D0622E24E0B00390CF5 /* Resources */,
			);
			buildRules = (
			);
			dependencies = (
				956E7D0A22E24E0B00390CF5 /* PBXTargetDependency */,
			);
			name = "Video Games DemoTests";
			productName = "Video Games DemoTests";
			productReference = 956E7D0822E24E0B00390CF5 /* Video Games DemoTests.xctest */;
			productType = "com.apple.product-type.bundle.unit-test";
		};
/* End PBXNativeTarget section */

/* Begin PBXProject section */
		956E7CEC22E24E0A00390CF5 /* Project object */ = {
			isa = PBXProject;
			attributes = {
				LastSwiftUpdateCheck = 1020;
				LastUpgradeCheck = 1020;
				ORGANIZATIONNAME = "Mohammad Shaker";
				TargetAttributes = {
					956E7CF322E24E0A00390CF5 = {
						CreatedOnToolsVersion = 10.2.1;
					};
					956E7D0722E24E0B00390CF5 = {
						CreatedOnToolsVersion = 10.2.1;
						TestTargetID = 956E7CF322E24E0A00390CF5;
					};
				};
			};
			buildConfigurationList = 956E7CEF22E24E0A00390CF5 /* Build configuration list for PBXProject "Video Games Demo" */;
			compatibilityVersion = "Xcode 9.3";
			developmentRegion = en;
			hasScannedForEncodings = 0;
			knownRegions = (
				en,
				Base,
			);
			mainGroup = 956E7CEB22E24E0A00390CF5;
			productRefGroup = 956E7CF522E24E0A00390CF5 /* Products */;
			projectDirPath = "";
			projectRoot = "";
			targets = (
				956E7CF322E24E0A00390CF5 /* Video Games Demo */,
				956E7D0722E24E0B00390CF5 /* Video Games DemoTests */,
			);
		};
/* End PBXProject section */

/* Begin PBXResourcesBuildPhase section */
		956E7CF222E24E0A00390CF5 /* Resources */ = {
			isa = PBXResourcesBuildPhase;
			buildActionMask = 2147483647;
			files = (
				956E7D0222E24E0B00390CF5 /* LaunchScreen.storyboard in Resources */,
				956E7CFF22E24E0B00390CF5 /* Assets.xcassets in Resources */,
				956E7CFD22E24E0A00390CF5 /* Main.storyboard in Resources */,
			);
			runOnlyForDeploymentPostprocessing = 0;
		};
		956E7D0622E24E0B00390CF5 /* Resources */ = {
			isa = PBXResourcesBuildPhase;
			buildActionMask = 2147483647;
			files = (
			);
			runOnlyForDeploymentPostprocessing = 0;
		};
/* End PBXResourcesBuildPhase section */

/* Begin PBXShellScriptBuildPhase section */
		21D9863459B74A96125758EA /* [CP] Check Pods Manifest.lock */ = {
			isa = PBXShellScriptBuildPhase;
			buildActionMask = 2147483647;
			files = (
			);
			inputFileListPaths = (
			);
			inputPaths = (
				"${PODS_PODFILE_DIR_PATH}/Podfile.lock",
				"${PODS_ROOT}/Manifest.lock",
			);
			name = "[CP] Check Pods Manifest.lock";
			outputFileListPaths = (
			);
			outputPaths = (
				"$(DERIVED_FILE_DIR)/Pods-Video Games DemoTests-checkManifestLockResult.txt",
			);
			runOnlyForDeploymentPostprocessing = 0;
			shellPath = /bin/sh;
			shellScript = "diff \"${PODS_PODFILE_DIR_PATH}/Podfile.lock\" \"${PODS_ROOT}/Manifest.lock\" > /dev/null\nif [ $? != 0 ] ; then\n    # print error to STDERR\n    echo \"error: The sandbox is not in sync with the Podfile.lock. Run 'pod install' or update your CocoaPods installation.\" >&2\n    exit 1\nfi\n# This output is used by Xcode 'outputs' to avoid re-running this script phase.\necho \"SUCCESS\" > \"${SCRIPT_OUTPUT_FILE_0}\"\n";
			showEnvVarsInLog = 0;
		};
		FF0FAA1E8B80AACA7966C060 /* [CP] Check Pods Manifest.lock */ = {
			isa = PBXShellScriptBuildPhase;
			buildActionMask = 2147483647;
			files = (
			);
			inputFileListPaths = (
			);
			inputPaths = (
				"${PODS_PODFILE_DIR_PATH}/Podfile.lock",
				"${PODS_ROOT}/Manifest.lock",
			);
			name = "[CP] Check Pods Manifest.lock";
			outputFileListPaths = (
			);
			outputPaths = (
				"$(DERIVED_FILE_DIR)/Pods-Video Games Demo-checkManifestLockResult.txt",
			);
			runOnlyForDeploymentPostprocessing = 0;
			shellPath = /bin/sh;
			shellScript = "diff \"${PODS_PODFILE_DIR_PATH}/Podfile.lock\" \"${PODS_ROOT}/Manifest.lock\" > /dev/null\nif [ $? != 0 ] ; then\n    # print error to STDERR\n    echo \"error: The sandbox is not in sync with the Podfile.lock. Run 'pod install' or update your CocoaPods installation.\" >&2\n    exit 1\nfi\n# This output is used by Xcode 'outputs' to avoid re-running this script phase.\necho \"SUCCESS\" > \"${SCRIPT_OUTPUT_FILE_0}\"\n";
			showEnvVarsInLog = 0;
		};
/* End PBXShellScriptBuildPhase section */

/* Begin PBXSourcesBuildPhase section */
		956E7CF022E24E0A00390CF5 /* Sources */ = {
			isa = PBXSourcesBuildPhase;
			buildActionMask = 2147483647;
			files = (
				956E7CFA22E24E0A00390CF5 /* ViewController.swift in Sources */,
				956E7CF822E24E0A00390CF5 /* AppDelegate.swift in Sources */,
			);
			runOnlyForDeploymentPostprocessing = 0;
		};
		956E7D0422E24E0B00390CF5 /* Sources */ = {
			isa = PBXSourcesBuildPhase;
			buildActionMask = 2147483647;
			files = (
				956E7D0D22E24E0B00390CF5 /* Video_Games_DemoTests.swift in Sources */,
			);
			runOnlyForDeploymentPostprocessing = 0;
		};
/* End PBXSourcesBuildPhase section */

/* Begin PBXTargetDependency section */
		956E7D0A22E24E0B00390CF5 /* PBXTargetDependency */ = {
			isa = PBXTargetDependency;
			target = 956E7CF322E24E0A00390CF5 /* Video Games Demo */;
			targetProxy = 956E7D0922E24E0B00390CF5 /* PBXContainerItemProxy */;
		};
/* End PBXTargetDependency section */

/* Begin PBXVariantGroup section */
		956E7CFB22E24E0A00390CF5 /* Main.storyboard */ = {
			isa = PBXVariantGroup;
			children = (
				956E7CFC22E24E0A00390CF5 /* Base */,
			);
			name = Main.storyboard;
			sourceTree = "<group>";
		};
		956E7D0022E24E0B00390CF5 /* LaunchScreen.storyboard */ = {
			isa = PBXVariantGroup;
			children = (
				956E7D0122E24E0B00390CF5 /* Base */,
			);
			name = LaunchScreen.storyboard;
			sourceTree = "<group>";
		};
/* End PBXVariantGroup section */

/* Begin XCBuildConfiguration section */
		956E7D0F22E24E0B00390CF5 /* Debug */ = {
			isa = XCBuildConfiguration;
			buildSettings = {
				ALWAYS_SEARCH_USER_PATHS = NO;
				CLANG_ANALYZER_NONNULL = YES;
				CLANG_ANALYZER_NUMBER_OBJECT_CONVERSION = YES_AGGRESSIVE;
				CLANG_CXX_LANGUAGE_STANDARD = "gnu++14";
				CLANG_CXX_LIBRARY = "libc++";
				CLANG_ENABLE_MODULES = YES;
				CLANG_ENABLE_OBJC_ARC = YES;
				CLANG_ENABLE_OBJC_WEAK = YES;
				CLANG_WARN_BLOCK_CAPTURE_AUTORELEASING = YES;
				CLANG_WARN_BOOL_CONVERSION = YES;
				CLANG_WARN_COMMA = YES;
				CLANG_WARN_CONSTANT_CONVERSION = YES;
				CLANG_WARN_DEPRECATED_OBJC_IMPLEMENTATIONS = YES;
				CLANG_WARN_DIRECT_OBJC_ISA_USAGE = YES_ERROR;
				CLANG_WARN_DOCUMENTATION_COMMENTS = YES;
				CLANG_WARN_EMPTY_BODY = YES;
				CLANG_WARN_ENUM_CONVERSION = YES;
				CLANG_WARN_INFINITE_RECURSION = YES;
				CLANG_WARN_INT_CONVERSION = YES;
				CLANG_WARN_NON_LITERAL_NULL_CONVERSION = YES;
				CLANG_WARN_OBJC_IMPLICIT_RETAIN_SELF = YES;
				CLANG_WARN_OBJC_LITERAL_CONVERSION = YES;
				CLANG_WARN_OBJC_ROOT_CLASS = YES_ERROR;
				CLANG_WARN_RANGE_LOOP_ANALYSIS = YES;
				CLANG_WARN_STRICT_PROTOTYPES = YES;
				CLANG_WARN_SUSPICIOUS_MOVE = YES;
				CLANG_WARN_UNGUARDED_AVAILABILITY = YES_AGGRESSIVE;
				CLANG_WARN_UNREACHABLE_CODE = YES;
				CLANG_WARN__DUPLICATE_METHOD_MATCH = YES;
				CODE_SIGN_IDENTITY = "iPhone Developer";
				COPY_PHASE_STRIP = NO;
				DEBUG_INFORMATION_FORMAT = dwarf;
				ENABLE_STRICT_OBJC_MSGSEND = YES;
				ENABLE_TESTABILITY = YES;
				GCC_C_LANGUAGE_STANDARD = gnu11;
				GCC_DYNAMIC_NO_PIC = NO;
				GCC_NO_COMMON_BLOCKS = YES;
				GCC_OPTIMIZATION_LEVEL = 0;
				GCC_PREPROCESSOR_DEFINITIONS = (
					"DEBUG=1",
					"$(inherited)",
				);
				GCC_WARN_64_TO_32_BIT_CONVERSION = YES;
				GCC_WARN_ABOUT_RETURN_TYPE = YES_ERROR;
				GCC_WARN_UNDECLARED_SELECTOR = YES;
				GCC_WARN_UNINITIALIZED_AUTOS = YES_AGGRESSIVE;
				GCC_WARN_UNUSED_FUNCTION = YES;
				GCC_WARN_UNUSED_VARIABLE = YES;
				IPHONEOS_DEPLOYMENT_TARGET = 12.2;
				MTL_ENABLE_DEBUG_INFO = INCLUDE_SOURCE;
				MTL_FAST_MATH = YES;
				ONLY_ACTIVE_ARCH = YES;
				SDKROOT = iphoneos;
				SWIFT_ACTIVE_COMPILATION_CONDITIONS = DEBUG;
				SWIFT_OPTIMIZATION_LEVEL = "-Onone";
			};
			name = Debug;
		};
		956E7D1022E24E0B00390CF5 /* Release */ = {
			isa = XCBuildConfiguration;
			buildSettings = {
				ALWAYS_SEARCH_USER_PATHS = NO;
				CLANG_ANALYZER_NONNULL = YES;
				CLANG_ANALYZER_NUMBER_OBJECT_CONVERSION = YES_AGGRESSIVE;
				CLANG_CXX_LANGUAGE_STANDARD = "gnu++14";
				CLANG_CXX_LIBRARY = "libc++";
				CLANG_ENABLE_MODULES = YES;
				CLANG_ENABLE_OBJC_ARC = YES;
				CLANG_ENABLE_OBJC_WEAK = YES;
				CLANG_WARN_BLOCK_CAPTURE_AUTORELEASING = YES;
				CLANG_WARN_BOOL_CONVERSION = YES;
				CLANG_WARN_COMMA = YES;
				CLANG_WARN_CONSTANT_CONVERSION = YES;
				CLANG_WARN_DEPRECATED_OBJC_IMPLEMENTATIONS = YES;
				CLANG_WARN_DIRECT_OBJC_ISA_USAGE = YES_ERROR;
				CLANG_WARN_DOCUMENTATION_COMMENTS = YES;
				CLANG_WARN_EMPTY_BODY = YES;
				CLANG_WARN_ENUM_CONVERSION = YES;
				CLANG_WARN_INFINITE_RECURSION = YES;
				CLANG_WARN_INT_CONVERSION = YES;
				CLANG_WARN_NON_LITERAL_NULL_CONVERSION = YES;
				CLANG_WARN_OBJC_IMPLICIT_RETAIN_SELF = YES;
				CLANG_WARN_OBJC_LITERAL_CONVERSION = YES;
				CLANG_WARN_OBJC_ROOT_CLASS = YES_ERROR;
				CLANG_WARN_RANGE_LOOP_ANALYSIS = YES;
				CLANG_WARN_STRICT_PROTOTYPES = YES;
				CLANG_WARN_SUSPICIOUS_MOVE = YES;
				CLANG_WARN_UNGUARDED_AVAILABILITY = YES_AGGRESSIVE;
				CLANG_WARN_UNREACHABLE_CODE = YES;
				CLANG_WARN__DUPLICATE_METHOD_MATCH = YES;
				CODE_SIGN_IDENTITY = "iPhone Developer";
				COPY_PHASE_STRIP = NO;
				DEBUG_INFORMATION_FORMAT = "dwarf-with-dsym";
				ENABLE_NS_ASSERTIONS = NO;
				ENABLE_STRICT_OBJC_MSGSEND = YES;
				GCC_C_LANGUAGE_STANDARD = gnu11;
				GCC_NO_COMMON_BLOCKS = YES;
				GCC_WARN_64_TO_32_BIT_CONVERSION = YES;
				GCC_WARN_ABOUT_RETURN_TYPE = YES_ERROR;
				GCC_WARN_UNDECLARED_SELECTOR = YES;
				GCC_WARN_UNINITIALIZED_AUTOS = YES_AGGRESSIVE;
				GCC_WARN_UNUSED_FUNCTION = YES;
				GCC_WARN_UNUSED_VARIABLE = YES;
				IPHONEOS_DEPLOYMENT_TARGET = 12.2;
				MTL_ENABLE_DEBUG_INFO = NO;
				MTL_FAST_MATH = YES;
				SDKROOT = iphoneos;
				SWIFT_COMPILATION_MODE = wholemodule;
				SWIFT_OPTIMIZATION_LEVEL = "-O";
				VALIDATE_PRODUCT = YES;
			};
			name = Release;
		};
		956E7D1222E24E0B00390CF5 /* Debug */ = {
			isa = XCBuildConfiguration;
			baseConfigurationReference = D778E8F96CD7B7968DAC8AFD /* Pods-Video Games Demo.debug.xcconfig */;
			buildSettings = {
				ASSETCATALOG_COMPILER_APPICON_NAME = AppIcon;
				CODE_SIGN_STYLE = Automatic;
				INFOPLIST_FILE = "Video Games Demo/Info.plist";
				LD_RUNPATH_SEARCH_PATHS = (
					"$(inherited)",
					"@executable_path/Frameworks",
				);
				PRODUCT_BUNDLE_IDENTIFIER = "com.msm.Video-Games-Demo";
				PRODUCT_NAME = "$(TARGET_NAME)";
				SWIFT_VERSION = 5.0;
				TARGETED_DEVICE_FAMILY = 1;
			};
			name = Debug;
		};
		956E7D1322E24E0B00390CF5 /* Release */ = {
			isa = XCBuildConfiguration;
			baseConfigurationReference = D953F74CF4892297B6835365 /* Pods-Video Games Demo.release.xcconfig */;
			buildSettings = {
				ASSETCATALOG_COMPILER_APPICON_NAME = AppIcon;
				CODE_SIGN_STYLE = Automatic;
				INFOPLIST_FILE = "Video Games Demo/Info.plist";
				LD_RUNPATH_SEARCH_PATHS = (
					"$(inherited)",
					"@executable_path/Frameworks",
				);
				PRODUCT_BUNDLE_IDENTIFIER = "com.msm.Video-Games-Demo";
				PRODUCT_NAME = "$(TARGET_NAME)";
				SWIFT_VERSION = 5.0;
				TARGETED_DEVICE_FAMILY = 1;
			};
			name = Release;
		};
		956E7D1522E24E0B00390CF5 /* Debug */ = {
			isa = XCBuildConfiguration;
			baseConfigurationReference = E055D3715E50603E7A60E6EA /* Pods-Video Games DemoTests.debug.xcconfig */;
			buildSettings = {
				ALWAYS_EMBED_SWIFT_STANDARD_LIBRARIES = YES;
				BUNDLE_LOADER = "$(TEST_HOST)";
				CODE_SIGN_STYLE = Automatic;
				INFOPLIST_FILE = "Video Games DemoTests/Info.plist";
				LD_RUNPATH_SEARCH_PATHS = (
					"$(inherited)",
					"@executable_path/Frameworks",
					"@loader_path/Frameworks",
				);
				PRODUCT_BUNDLE_IDENTIFIER = "com.msm.Video-Games-DemoTests";
				PRODUCT_NAME = "$(TARGET_NAME)";
				SWIFT_VERSION = 5.0;
				TARGETED_DEVICE_FAMILY = "1,2";
				TEST_HOST = "$(BUILT_PRODUCTS_DIR)/Video Games Demo.app/Video Games Demo";
			};
			name = Debug;
		};
		956E7D1622E24E0B00390CF5 /* Release */ = {
			isa = XCBuildConfiguration;
			baseConfigurationReference = 913767BFBDF2C3D3BC4F4272 /* Pods-Video Games DemoTests.release.xcconfig */;
			buildSettings = {
				ALWAYS_EMBED_SWIFT_STANDARD_LIBRARIES = YES;
				BUNDLE_LOADER = "$(TEST_HOST)";
				CODE_SIGN_STYLE = Automatic;
				INFOPLIST_FILE = "Video Games DemoTests/Info.plist";
				LD_RUNPATH_SEARCH_PATHS = (
					"$(inherited)",
					"@executable_path/Frameworks",
					"@loader_path/Frameworks",
				);
				PRODUCT_BUNDLE_IDENTIFIER = "com.msm.Video-Games-DemoTests";
				PRODUCT_NAME = "$(TARGET_NAME)";
				SWIFT_VERSION = 5.0;
				TARGETED_DEVICE_FAMILY = "1,2";
				TEST_HOST = "$(BUILT_PRODUCTS_DIR)/Video Games Demo.app/Video Games Demo";
			};
			name = Release;
		};
/* End XCBuildConfiguration section */

/* Begin XCConfigurationList section */
		956E7CEF22E24E0A00390CF5 /* Build configuration list for PBXProject "Video Games Demo" */ = {
			isa = XCConfigurationList;
			buildConfigurations = (
				956E7D0F22E24E0B00390CF5 /* Debug */,
				956E7D1022E24E0B00390CF5 /* Release */,
			);
			defaultConfigurationIsVisible = 0;
			defaultConfigurationName = Release;
		};
		956E7D1122E24E0B00390CF5 /* Build configuration list for PBXNativeTarget "Video Games Demo" */ = {
			isa = XCConfigurationList;
			buildConfigurations = (
				956E7D1222E24E0B00390CF5 /* Debug */,
				956E7D1322E24E0B00390CF5 /* Release */,
			);
			defaultConfigurationIsVisible = 0;
			defaultConfigurationName = Release;
		};
		956E7D1422E24E0B00390CF5 /* Build configuration list for PBXNativeTarget "Video Games DemoTests" */ = {
			isa = XCConfigurationList;
			buildConfigurations = (
				956E7D1522E24E0B00390CF5 /* Debug */,
				956E7D1622E24E0B00390CF5 /* Release */,
			);
			defaultConfigurationIsVisible = 0;
			defaultConfigurationName = Release;
		};
/* End XCConfigurationList section */
	};
	rootObject = 956E7CEC22E24E0A00390CF5 /* Project object */;
}
